
Microsoft Visual Studio Solution File, Format Version 12.00
# Visual Studio Version 16
VisualStudioVersion = 16.0.32510.428
MinimumVisualStudioVersion = 10.0.40219.1
Project("{FAE04EC0-301F-11D3-BF4B-00C04F79EFBC}") = "InnoGotchiGame.Mvc", "InnoGotchiGame.Mvc\InnoGotchiGame.Mvc.csproj", "{3D4F0C45-9FE9-4CD3-ACDD-03C810178220}"
EndProject
Global
	GlobalSection(SolutionConfigurationPlatforms) = preSolution
		Debug|Any CPU = Debug|Any CPU
		Release|Any CPU = Release|Any CPU
	EndGlobalSection
	GlobalSection(ProjectConfigurationPlatforms) = postSolution
		{3D4F0C45-9FE9-4CD3-ACDD-03C810178220}.Debug|Any CPU.ActiveCfg = Debug|Any CPU
		{3D4F0C45-9FE9-4CD3-ACDD-03C810178220}.Debug|Any CPU.Build.0 = Debug|Any CPU
		{3D4F0C45-9FE9-4CD3-ACDD-03C810178220}.Release|Any CPU.ActiveCfg = Release|Any CPU
		{3D4F0C45-9FE9-4CD3-ACDD-03C810178220}.Release|Any CPU.Build.0 = Release|Any CPU
	EndGlobalSection
	GlobalSection(SolutionProperties) = preSolution
		HideSolutionNode = FALSE
	EndGlobalSection
	GlobalSection(ExtensibilityGlobals) = postSolution
		SolutionGuid = {A89D783B-4AAC-4251-9E89-7922D9B243DD}
	EndGlobalSection
EndGlobal
